
Microsoft Visual Studio Solution File, Format Version 12.00
# Visual Studio Version 17
VisualStudioVersion = 17.10.35122.118
MinimumVisualStudioVersion = 10.0.40219.1
Project("{FAE04EC0-301F-11D3-BF4B-00C04F79EFBC}") = "WebApplicationLinkedIn", "WebApplicationLinkedIn\WebApplicationLinkedIn.csproj", "{4CCBB784-C09A-4AFF-AAB1-23063B27A742}"
EndProject
Project("{FAE04EC0-301F-11D3-BF4B-00C04F79EFBC}") = "WebApplication.Models", "WebApplication.Models\WebApplication.Models.csproj", "{82C85B99-DF1D-4FDC-86CF-3808A4EA51B4}"
EndProject
Project("{FAE04EC0-301F-11D3-BF4B-00C04F79EFBC}") = "WebApplication.Data", "WebApplication.Data\WebApplication.Data.csproj", "{B92A05D5-461D-4EE4-B0DF-0C2A8D0F5073}"
EndProject
Project("{FAE04EC0-301F-11D3-BF4B-00C04F79EFBC}") = "WebApplication.Services", "WebApplication.Services\WebApplication.Services.csproj", "{EF92E67D-75C2-40AF-BF33-FA5B20022D11}"
EndProject
Global
	GlobalSection(SolutionConfigurationPlatforms) = preSolution
		Debug|Any CPU = Debug|Any CPU
		Release|Any CPU = Release|Any CPU
	EndGlobalSection
	GlobalSection(ProjectConfigurationPlatforms) = postSolution
		{4CCBB784-C09A-4AFF-AAB1-23063B27A742}.Debug|Any CPU.ActiveCfg = Debug|Any CPU
		{4CCBB784-C09A-4AFF-AAB1-23063B27A742}.Debug|Any CPU.Build.0 = Debug|Any CPU
		{4CCBB784-C09A-4AFF-AAB1-23063B27A742}.Release|Any CPU.ActiveCfg = Release|Any CPU
		{4CCBB784-C09A-4AFF-AAB1-23063B27A742}.Release|Any CPU.Build.0 = Release|Any CPU
		{82C85B99-DF1D-4FDC-86CF-3808A4EA51B4}.Debug|Any CPU.ActiveCfg = Debug|Any CPU
		{82C85B99-DF1D-4FDC-86CF-3808A4EA51B4}.Debug|Any CPU.Build.0 = Debug|Any CPU
		{82C85B99-DF1D-4FDC-86CF-3808A4EA51B4}.Release|Any CPU.ActiveCfg = Release|Any CPU
		{82C85B99-DF1D-4FDC-86CF-3808A4EA51B4}.Release|Any CPU.Build.0 = Release|Any CPU
		{B92A05D5-461D-4EE4-B0DF-0C2A8D0F5073}.Debug|Any CPU.ActiveCfg = Debug|Any CPU
		{B92A05D5-461D-4EE4-B0DF-0C2A8D0F5073}.Debug|Any CPU.Build.0 = Debug|Any CPU
		{B92A05D5-461D-4EE4-B0DF-0C2A8D0F5073}.Release|Any CPU.ActiveCfg = Release|Any CPU
		{B92A05D5-461D-4EE4-B0DF-0C2A8D0F5073}.Release|Any CPU.Build.0 = Release|Any CPU
		{EF92E67D-75C2-40AF-BF33-FA5B20022D11}.Debug|Any CPU.ActiveCfg = Debug|Any CPU
		{EF92E67D-75C2-40AF-BF33-FA5B20022D11}.Debug|Any CPU.Build.0 = Debug|Any CPU
		{EF92E67D-75C2-40AF-BF33-FA5B20022D11}.Release|Any CPU.ActiveCfg = Release|Any CPU
		{EF92E67D-75C2-40AF-BF33-FA5B20022D11}.Release|Any CPU.Build.0 = Release|Any CPU
	EndGlobalSection
	GlobalSection(SolutionProperties) = preSolution
		HideSolutionNode = FALSE
	EndGlobalSection
	GlobalSection(ExtensibilityGlobals) = postSolution
		SolutionGuid = {F6B7834E-97A6-4530-802A-428822ABF68D}
	EndGlobalSection
EndGlobal
